
Microsoft Visual Studio Solution File, Format Version 12.00
# Visual Studio Version 16
VisualStudioVersion = 16.0.32228.343
MinimumVisualStudioVersion = 10.0.40219.1
Project("{FAE04EC0-301F-11D3-BF4B-00C04F79EFBC}") = "matchgame22", "matchgame22.csproj", "{A9ED6C73-A4CA-4010-B928-2F8304629181}"
EndProject
Global
	GlobalSection(SolutionConfigurationPlatforms) = preSolution
		Debug|Any CPU = Debug|Any CPU
		Release|Any CPU = Release|Any CPU
	EndGlobalSection
	GlobalSection(ProjectConfigurationPlatforms) = postSolution
		{A9ED6C73-A4CA-4010-B928-2F8304629181}.Debug|Any CPU.ActiveCfg = Debug|Any CPU
		{A9ED6C73-A4CA-4010-B928-2F8304629181}.Debug|Any CPU.Build.0 = Debug|Any CPU
		{A9ED6C73-A4CA-4010-B928-2F8304629181}.Release|Any CPU.ActiveCfg = Release|Any CPU
		{A9ED6C73-A4CA-4010-B928-2F8304629181}.Release|Any CPU.Build.0 = Release|Any CPU
	EndGlobalSection
	GlobalSection(SolutionProperties) = preSolution
		HideSolutionNode = FALSE
	EndGlobalSection
	GlobalSection(ExtensibilityGlobals) = postSolution
		SolutionGuid = {C0DFA7CB-E72F-460A-9735-7E48345DCB77}
	EndGlobalSection
EndGlobal
